Microsoft Visual Studio Solution File, Format Version 12.00
# Visual Studio Version 16
VisualStudioVersion = 16.0.28527.54
MinimumVisualStudioVersion = 10.0.40219.1
Project("{2150E333-8FDC-42A3-9474-1A3956D46DE8}") = "Solution items", "Solution items", "{76532829-C6DB-48F1-ABA8-835E3B718023}"
	ProjectSection(SolutionItems) = preProject
		paket.dependencies = paket.dependencies
		README.md = README.md
	EndProjectSection
EndProject
Project("{6EC3EE1D-3C4E-46DD-8F32-0CC8E7565705}") = "Hedgehog", "src/Hedgehog/Hedgehog.fsproj", "{0864FFED-D0B3-4D32-BD38-DB696B7FC5F3}"
EndProject
Project("{6EC3EE1D-3C4E-46DD-8F32-0CC8E7565705}") = "Hedgehog.Tests", "tests/Hedgehog.Tests/Hedgehog.Tests.fsproj", "{D38AB54A-D5E8-4B50-927C-472015473AFC}"
EndProject
Project("{9A19103F-16F7-4668-BE54-9A1E7A4F7556}") = "Hedgehog.CSharp.Tests", "tests/Hedgehog.CSharp.Tests/Hedgehog.CSharp.Tests.csproj", "{952547C5-7622-45C8-BB3C-4D1BA2DB747D}"
EndProject
Project("{F2A71F9B-5D33-465A-A702-920D77279786}") = "Hedgehog.Benchmarks", "tests/Hedgehog.Benchmarks/Hedgehog.Benchmarks.fsproj", "{7E2DE9D9-3831-46D7-B80F-B643E9D53FD3}"
EndProject
Global
	GlobalSection(SolutionConfigurationPlatforms) = preSolution
		Debug|Any CPU = Debug|Any CPU
		Release|Any CPU = Release|Any CPU
	EndGlobalSection
	GlobalSection(ProjectConfigurationPlatforms) = postSolution
		{0864FFED-D0B3-4D32-BD38-DB696B7FC5F3}.Debug|Any CPU.ActiveCfg = Debug|Any CPU
		{0864FFED-D0B3-4D32-BD38-DB696B7FC5F3}.Debug|Any CPU.Build.0 = Debug|Any CPU
		{0864FFED-D0B3-4D32-BD38-DB696B7FC5F3}.Release|Any CPU.ActiveCfg = Release|Any CPU
		{0864FFED-D0B3-4D32-BD38-DB696B7FC5F3}.Release|Any CPU.Build.0 = Release|Any CPU
		{D38AB54A-D5E8-4B50-927C-472015473AFC}.Debug|Any CPU.ActiveCfg = Debug|Any CPU
		{D38AB54A-D5E8-4B50-927C-472015473AFC}.Debug|Any CPU.Build.0 = Debug|Any CPU
		{D38AB54A-D5E8-4B50-927C-472015473AFC}.Release|Any CPU.ActiveCfg = Release|Any CPU
		{D38AB54A-D5E8-4B50-927C-472015473AFC}.Release|Any CPU.Build.0 = Release|Any CPU
		{952547C5-7622-45C8-BB3C-4D1BA2DB747D}.Debug|Any CPU.ActiveCfg = Debug|Any CPU
		{952547C5-7622-45C8-BB3C-4D1BA2DB747D}.Debug|Any CPU.Build.0 = Debug|Any CPU
		{952547C5-7622-45C8-BB3C-4D1BA2DB747D}.Release|Any CPU.ActiveCfg = Release|Any CPU
		{952547C5-7622-45C8-BB3C-4D1BA2DB747D}.Release|Any CPU.Build.0 = Release|Any CPU
		{7E2DE9D9-3831-46D7-B80F-B643E9D53FD3}.Debug|Any CPU.ActiveCfg = Debug|Any CPU
		{7E2DE9D9-3831-46D7-B80F-B643E9D53FD3}.Debug|Any CPU.Build.0 = Debug|Any CPU
		{7E2DE9D9-3831-46D7-B80F-B643E9D53FD3}.Release|Any CPU.ActiveCfg = Release|Any CPU
		{7E2DE9D9-3831-46D7-B80F-B643E9D53FD3}.Release|Any CPU.Build.0 = Release|Any CPU
	EndGlobalSection
	GlobalSection(SolutionProperties) = preSolution
		HideSolutionNode = FALSE
	EndGlobalSection
	GlobalSection(ExtensibilityGlobals) = postSolution
		SolutionGuid = {8F568969-BF20-44C0-8012-5202EA7FA7EE}
	EndGlobalSection
EndGlobal
