Microsoft Visual Studio Solution File, Format Version 12.00
# Visual Studio 15
VisualStudioVersion = 15.0.27004.2006
MinimumVisualStudioVersion = 10.0.40219.1
Project("{F2A71F9B-5D33-465A-A702-920D77279786}") = "Hedgehog", "src\Hedgehog\Hedgehog.fsproj", "{B338B8C4-1C98-4F42-9C45-56BD7EF2AD0A}"
EndProject
Project("{F2A71F9B-5D33-465A-A702-920D77279786}") = "Hedgehog.Tests", "tests\Hedgehog.Tests\Hedgehog.Tests.fsproj", "{788F88B7-5516-4F89-8652-20F14576E1DD}"
EndProject
Project("{2150E333-8FDC-42A3-9474-1A3956D46DE8}") = "Solution items", "Solution items", "{76532829-C6DB-48F1-ABA8-835E3B718023}"
	ProjectSection(SolutionItems) = preProject
		paket.dependencies = paket.dependencies
		README.md = README.md
	EndProjectSection
EndProject
Project("{FAE04EC0-301F-11D3-BF4B-00C04F79EFBC}") = "Hedgehog.CSharp.Tests", "tests\Hedgehog.CSharp.Tests\Hedgehog.CSharp.Tests.csproj", "{02DECFEA-CCD3-45E3-AC9C-FC9BEFE24440}"
EndProject
Global
	GlobalSection(SolutionConfigurationPlatforms) = preSolution
		Debug|Any CPU = Debug|Any CPU
		Release|Any CPU = Release|Any CPU
	EndGlobalSection
	GlobalSection(ProjectConfigurationPlatforms) = postSolution
		{B338B8C4-1C98-4F42-9C45-56BD7EF2AD0A}.Debug|Any CPU.ActiveCfg = Debug|Any CPU
		{B338B8C4-1C98-4F42-9C45-56BD7EF2AD0A}.Debug|Any CPU.Build.0 = Debug|Any CPU
		{B338B8C4-1C98-4F42-9C45-56BD7EF2AD0A}.Release|Any CPU.ActiveCfg = Release|Any CPU
		{B338B8C4-1C98-4F42-9C45-56BD7EF2AD0A}.Release|Any CPU.Build.0 = Release|Any CPU
		{788F88B7-5516-4F89-8652-20F14576E1DD}.Debug|Any CPU.ActiveCfg = Debug|Any CPU
		{788F88B7-5516-4F89-8652-20F14576E1DD}.Debug|Any CPU.Build.0 = Debug|Any CPU
		{788F88B7-5516-4F89-8652-20F14576E1DD}.Release|Any CPU.ActiveCfg = Release|Any CPU
		{788F88B7-5516-4F89-8652-20F14576E1DD}.Release|Any CPU.Build.0 = Release|Any CPU
		{02DECFEA-CCD3-45E3-AC9C-FC9BEFE24440}.Debug|Any CPU.ActiveCfg = Debug|Any CPU
		{02DECFEA-CCD3-45E3-AC9C-FC9BEFE24440}.Debug|Any CPU.Build.0 = Debug|Any CPU
		{02DECFEA-CCD3-45E3-AC9C-FC9BEFE24440}.Release|Any CPU.ActiveCfg = Release|Any CPU
		{02DECFEA-CCD3-45E3-AC9C-FC9BEFE24440}.Release|Any CPU.Build.0 = Release|Any CPU
	EndGlobalSection
	GlobalSection(SolutionProperties) = preSolution
		HideSolutionNode = FALSE
	EndGlobalSection
	GlobalSection(ExtensibilityGlobals) = postSolution
		SolutionGuid = {8F568969-BF20-44C0-8012-5202EA7FA7EE}
	EndGlobalSection
EndGlobal
